
Microsoft Visual Studio Solution File, Format Version 12.00
# Visual Studio Version 16
VisualStudioVersion = 25.0.1706.7
MinimumVisualStudioVersion = 10.0.40219.1
Project("{FAE04EC0-301F-11D3-BF4B-00C04F79EFBC}") = "CMPNatural.Api", "ScoutDirect\CMPNatural.Api.csproj", "{36794759-A62F-43C3-B7D2-DE0D42AA2780}"
EndProject
Project("{FAE04EC0-301F-11D3-BF4B-00C04F79EFBC}") = "CMPNatural.infrastructure", "infrastructure\CMPNatural.infrastructure.csproj", "{3A4C6ACB-6725-4F59-8BE8-F1F364D5AD88}"
EndProject
Project("{FAE04EC0-301F-11D3-BF4B-00C04F79EFBC}") = "CMPNatural.Core", "Core\CMPNatural.Core.csproj", "{A36F3F94-E0F5-46C9-AD03-5859472180FB}"
EndProject
Project("{FAE04EC0-301F-11D3-BF4B-00C04F79EFBC}") = "CMPNatural.Application", "Application\CMPNatural.Application.csproj", "{DFCCEB5D-F314-4AB0-BBFE-81ECA8DF81E6}"
EndProject
Project("{FAE04EC0-301F-11D3-BF4B-00C04F79EFBC}") = "CmpNatural.CrmManagment", "CmpNatural.CrmManagment\CmpNatural.CrmManagment.csproj", "{D58B09F2-50E6-4716-9491-77D7C5522C3D}"
EndProject
Global
	GlobalSection(SolutionConfigurationPlatforms) = preSolution
		Debug|Any CPU = Debug|Any CPU
		Release|Any CPU = Release|Any CPU
	EndGlobalSection
	GlobalSection(ProjectConfigurationPlatforms) = postSolution
		{36794759-A62F-43C3-B7D2-DE0D42AA2780}.Debug|Any CPU.ActiveCfg = Debug|Any CPU
		{36794759-A62F-43C3-B7D2-DE0D42AA2780}.Debug|Any CPU.Build.0 = Debug|Any CPU
		{36794759-A62F-43C3-B7D2-DE0D42AA2780}.Release|Any CPU.ActiveCfg = Release|Any CPU
		{36794759-A62F-43C3-B7D2-DE0D42AA2780}.Release|Any CPU.Build.0 = Release|Any CPU
		{3A4C6ACB-6725-4F59-8BE8-F1F364D5AD88}.Debug|Any CPU.ActiveCfg = Debug|Any CPU
		{3A4C6ACB-6725-4F59-8BE8-F1F364D5AD88}.Debug|Any CPU.Build.0 = Debug|Any CPU
		{3A4C6ACB-6725-4F59-8BE8-F1F364D5AD88}.Release|Any CPU.ActiveCfg = Release|Any CPU
		{3A4C6ACB-6725-4F59-8BE8-F1F364D5AD88}.Release|Any CPU.Build.0 = Release|Any CPU
		{A36F3F94-E0F5-46C9-AD03-5859472180FB}.Debug|Any CPU.ActiveCfg = Debug|Any CPU
		{A36F3F94-E0F5-46C9-AD03-5859472180FB}.Debug|Any CPU.Build.0 = Debug|Any CPU
		{A36F3F94-E0F5-46C9-AD03-5859472180FB}.Release|Any CPU.ActiveCfg = Release|Any CPU
		{A36F3F94-E0F5-46C9-AD03-5859472180FB}.Release|Any CPU.Build.0 = Release|Any CPU
		{DFCCEB5D-F314-4AB0-BBFE-81ECA8DF81E6}.Debug|Any CPU.ActiveCfg = Debug|Any CPU
		{DFCCEB5D-F314-4AB0-BBFE-81ECA8DF81E6}.Debug|Any CPU.Build.0 = Debug|Any CPU
		{DFCCEB5D-F314-4AB0-BBFE-81ECA8DF81E6}.Release|Any CPU.ActiveCfg = Release|Any CPU
		{DFCCEB5D-F314-4AB0-BBFE-81ECA8DF81E6}.Release|Any CPU.Build.0 = Release|Any CPU
		{D58B09F2-50E6-4716-9491-77D7C5522C3D}.Debug|Any CPU.ActiveCfg = Debug|Any CPU
		{D58B09F2-50E6-4716-9491-77D7C5522C3D}.Debug|Any CPU.Build.0 = Debug|Any CPU
		{D58B09F2-50E6-4716-9491-77D7C5522C3D}.Release|Any CPU.ActiveCfg = Release|Any CPU
		{D58B09F2-50E6-4716-9491-77D7C5522C3D}.Release|Any CPU.Build.0 = Release|Any CPU
	EndGlobalSection
	GlobalSection(SolutionProperties) = preSolution
		HideSolutionNode = FALSE
	EndGlobalSection
	GlobalSection(ExtensibilityGlobals) = postSolution
		SolutionGuid = {B1849C1A-65F1-41E8-9869-842430119A5B}
	EndGlobalSection
EndGlobal
